
Microsoft Visual Studio Solution File, Format Version 12.00
# Visual Studio Version 16
VisualStudioVersion = 16.0.31829.152
MinimumVisualStudioVersion = 10.0.40219.1
Project("{FAE04EC0-301F-11D3-BF4B-00C04F79EFBC}") = "PolicyApi", "PolicyApi\PolicyApi.csproj", "{474682C1-628C-417B-848B-F34B908236D2}"
EndProject
Global
	GlobalSection(SolutionConfigurationPlatforms) = preSolution
		Debug|Any CPU = Debug|Any CPU
		Release|Any CPU = Release|Any CPU
	EndGlobalSection
	GlobalSection(ProjectConfigurationPlatforms) = postSolution
		{474682C1-628C-417B-848B-F34B908236D2}.Debug|Any CPU.ActiveCfg = Debug|Any CPU
		{474682C1-628C-417B-848B-F34B908236D2}.Debug|Any CPU.Build.0 = Debug|Any CPU
		{474682C1-628C-417B-848B-F34B908236D2}.Release|Any CPU.ActiveCfg = Release|Any CPU
		{474682C1-628C-417B-848B-F34B908236D2}.Release|Any CPU.Build.0 = Release|Any CPU
	EndGlobalSection
	GlobalSection(SolutionProperties) = preSolution
		HideSolutionNode = FALSE
	EndGlobalSection
	GlobalSection(ExtensibilityGlobals) = postSolution
		SolutionGuid = {84CC8E7B-53B5-402D-B813-9A609F4A1125}
	EndGlobalSection
EndGlobal
